
Microsoft Visual Studio Solution File, Format Version 12.00
# Visual Studio Version 16
VisualStudioVersion = 16.0.29721.120
MinimumVisualStudioVersion = 10.0.40219.1
Project("{9A19103F-16F7-4668-BE54-9A1E7A4F7556}") = "Ticketing", "Ticketing\Ticketing.csproj", "{58A1E07F-F161-402C-A5D6-F9D2C2AE8564}"
EndProject
Project("{2150E333-8FDC-42A3-9474-1A3956D46DE8}") = "Solution Items", "Solution Items", "{24FACE14-39EF-491C-8A66-FF766DBB2B2C}"
	ProjectSection(SolutionItems) = preProject
		.editorconfig = .editorconfig
		.gitignore = .gitignore
		README.md = README.md
	EndProjectSection
EndProject
Global
	GlobalSection(SolutionConfigurationPlatforms) = preSolution
		Debug|Any CPU = Debug|Any CPU
		Release|Any CPU = Release|Any CPU
	EndGlobalSection
	GlobalSection(ProjectConfigurationPlatforms) = postSolution
		{58A1E07F-F161-402C-A5D6-F9D2C2AE8564}.Debug|Any CPU.ActiveCfg = Debug|Any CPU
		{58A1E07F-F161-402C-A5D6-F9D2C2AE8564}.Debug|Any CPU.Build.0 = Debug|Any CPU
		{58A1E07F-F161-402C-A5D6-F9D2C2AE8564}.Release|Any CPU.ActiveCfg = Release|Any CPU
		{58A1E07F-F161-402C-A5D6-F9D2C2AE8564}.Release|Any CPU.Build.0 = Release|Any CPU
	EndGlobalSection
	GlobalSection(SolutionProperties) = preSolution
		HideSolutionNode = FALSE
	EndGlobalSection
	GlobalSection(ExtensibilityGlobals) = postSolution
		SolutionGuid = {587DE33C-1D29-4C9D-8835-B50BE9124492}
	EndGlobalSection
EndGlobal
